
Microsoft Visual Studio Solution File, Format Version 12.00
# Visual Studio Version 17
VisualStudioVersion = 17.13.35825.156
MinimumVisualStudioVersion = 10.0.40219.1
Project("{FAE04EC0-301F-11D3-BF4B-00C04F79EFBC}") = "WebApplication3", "WebApplication3\WebApplication3.csproj", "{86EF8DF5-6A79-4CFE-AC44-AC6616703762}"
EndProject
Project("{FAE04EC0-301F-11D3-BF4B-00C04F79EFBC}") = "Dal", "ClassLibrary1\Dal.csproj", "{2286CD4A-D9E8-4B72-A957-BC0AAB417870}"
EndProject
Project("{FAE04EC0-301F-11D3-BF4B-00C04F79EFBC}") = "Core", "Core\Core.csproj", "{8F7FF62A-A642-470F-8673-BC6971548527}"
EndProject
Global
	GlobalSection(SolutionConfigurationPlatforms) = preSolution
		Debug|Any CPU = Debug|Any CPU
		Release|Any CPU = Release|Any CPU
	EndGlobalSection
	GlobalSection(ProjectConfigurationPlatforms) = postSolution
		{86EF8DF5-6A79-4CFE-AC44-AC6616703762}.Debug|Any CPU.ActiveCfg = Debug|Any CPU
		{86EF8DF5-6A79-4CFE-AC44-AC6616703762}.Debug|Any CPU.Build.0 = Debug|Any CPU
		{86EF8DF5-6A79-4CFE-AC44-AC6616703762}.Release|Any CPU.ActiveCfg = Release|Any CPU
		{86EF8DF5-6A79-4CFE-AC44-AC6616703762}.Release|Any CPU.Build.0 = Release|Any CPU
		{2286CD4A-D9E8-4B72-A957-BC0AAB417870}.Debug|Any CPU.ActiveCfg = Debug|Any CPU
		{2286CD4A-D9E8-4B72-A957-BC0AAB417870}.Debug|Any CPU.Build.0 = Debug|Any CPU
		{2286CD4A-D9E8-4B72-A957-BC0AAB417870}.Release|Any CPU.ActiveCfg = Release|Any CPU
		{2286CD4A-D9E8-4B72-A957-BC0AAB417870}.Release|Any CPU.Build.0 = Release|Any CPU
		{8F7FF62A-A642-470F-8673-BC6971548527}.Debug|Any CPU.ActiveCfg = Debug|Any CPU
		{8F7FF62A-A642-470F-8673-BC6971548527}.Debug|Any CPU.Build.0 = Debug|Any CPU
		{8F7FF62A-A642-470F-8673-BC6971548527}.Release|Any CPU.ActiveCfg = Release|Any CPU
		{8F7FF62A-A642-470F-8673-BC6971548527}.Release|Any CPU.Build.0 = Release|Any CPU
	EndGlobalSection
	GlobalSection(SolutionProperties) = preSolution
		HideSolutionNode = FALSE
	EndGlobalSection
	GlobalSection(ExtensibilityGlobals) = postSolution
		SolutionGuid = {6AA01E2B-360B-4528-8616-AC702F985366}
	EndGlobalSection
EndGlobal
